// !$*UTF8*$!
{
	archiveVersion = 1;
	classes = {
	};
	objectVersion = 51;
	objects = {

/* Begin PBXBuildFile section */
		391F2072BFA318B59A7ADE1C /* Pods_SkovTwitter.framework in Frameworks */ = {isa = PBXBuildFile; fileRef = 008DB2F1BEF7B37474B5EF0F /* Pods_SkovTwitter.framework */; };
		5210FC562441EAB700EBF1E9 /* Extensions.swift in Sources */ = {isa = PBXBuildFile; fileRef = 5210FC552441EAB700EBF1E9 /* Extensions.swift */; };
		5210FC592441F24700EBF1E9 /* LoginController.swift in Sources */ = {isa = PBXBuildFile; fileRef = 5210FC582441F24700EBF1E9 /* LoginController.swift */; };
		5210FC5B2441F28800EBF1E9 /* RegistrationController.swift in Sources */ = {isa = PBXBuildFile; fileRef = 5210FC5A2441F28800EBF1E9 /* RegistrationController.swift */; };
		521B67622461571800370312 /* GoogleService-Info.plist in Resources */ = {isa = PBXBuildFile; fileRef = 521B67612461571700370312 /* GoogleService-Info.plist */; };
		522461B924644BFC00F212CC /* TweetService.swift in Sources */ = {isa = PBXBuildFile; fileRef = 522461B824644BFC00F212CC /* TweetService.swift */; };
		5234660E24656B7C0091EF14 /* Tweet.swift in Sources */ = {isa = PBXBuildFile; fileRef = 5234660D24656B7C0091EF14 /* Tweet.swift */; };
		523466132465736E0091EF14 /* TweetCell.swift in Sources */ = {isa = PBXBuildFile; fileRef = 523466122465736E0091EF14 /* TweetCell.swift */; };
		52346615246595C60091EF14 /* TweetViewModel.swift in Sources */ = {isa = PBXBuildFile; fileRef = 52346614246595C60091EF14 /* TweetViewModel.swift */; };
		523466172466B3890091EF14 /* ProfileController.swift in Sources */ = {isa = PBXBuildFile; fileRef = 523466162466B3890091EF14 /* ProfileController.swift */; };
		523466192466BA3E0091EF14 /* ProfileHeader.swift in Sources */ = {isa = PBXBuildFile; fileRef = 523466182466BA3E0091EF14 /* ProfileHeader.swift */; };
		52463AC124447C2100B0AFC7 /* Utilities.swift in Sources */ = {isa = PBXBuildFile; fileRef = 52463AC024447C2100B0AFC7 /* Utilities.swift */; };
		525727B02462E28400A22DE6 /* Constants.swift in Sources */ = {isa = PBXBuildFile; fileRef = 525727AF2462E28400A22DE6 /* Constants.swift */; };
		525727B22462E9CF00A22DE6 /* AuthService.swift in Sources */ = {isa = PBXBuildFile; fileRef = 525727B12462E9CF00A22DE6 /* AuthService.swift */; };
		527075A22464107700DB6AF8 /* UserService.swift in Sources */ = {isa = PBXBuildFile; fileRef = 527075A12464107700DB6AF8 /* UserService.swift */; };
		527075A42464187A00DB6AF8 /* User.swift in Sources */ = {isa = PBXBuildFile; fileRef = 527075A32464187A00DB6AF8 /* User.swift */; };
		527075A62464270900DB6AF8 /* UploadTweetController.swift in Sources */ = {isa = PBXBuildFile; fileRef = 527075A52464270900DB6AF8 /* UploadTweetController.swift */; };
		527075A82464379200DB6AF8 /* CaptionTextView.swift in Sources */ = {isa = PBXBuildFile; fileRef = 527075A72464379200DB6AF8 /* CaptionTextView.swift */; };
		527075AA24643BA800DB6AF8 /* NoteBook.swift in Sources */ = {isa = PBXBuildFile; fileRef = 527075A924643BA800DB6AF8 /* NoteBook.swift */; };
		5273D62D2472B87800F97C0F /* ActionSheetLauncher.swift in Sources */ = {isa = PBXBuildFile; fileRef = 5273D62C2472B87800F97C0F /* ActionSheetLauncher.swift */; };
		5273D62F2472BF9800F97C0F /* ActionSheetCell.swift in Sources */ = {isa = PBXBuildFile; fileRef = 5273D62E2472BF9800F97C0F /* ActionSheetCell.swift */; };
		5273D6312472C45E00F97C0F /* ActionSheetViewModel.swift in Sources */ = {isa = PBXBuildFile; fileRef = 5273D6302472C45E00F97C0F /* ActionSheetViewModel.swift */; };
		5281863F246EE65000F27666 /* UploadTweetViewModel.swift in Sources */ = {isa = PBXBuildFile; fileRef = 5281863E246EE65000F27666 /* UploadTweetViewModel.swift */; };
		52827C97246C1D11004F4BD0 /* ProfileFilterView.swift in Sources */ = {isa = PBXBuildFile; fileRef = 52827C96246C1D11004F4BD0 /* ProfileFilterView.swift */; };
		52827C99246C2015004F4BD0 /* ProfileFilterCell.swift in Sources */ = {isa = PBXBuildFile; fileRef = 52827C98246C2015004F4BD0 /* ProfileFilterCell.swift */; };
		52827C9B246C2F38004F4BD0 /* ProfileHeaderViewModel.swift in Sources */ = {isa = PBXBuildFile; fileRef = 52827C9A246C2F38004F4BD0 /* ProfileHeaderViewModel.swift */; };
		52827C9D246C5794004F4BD0 /* UserCell.swift in Sources */ = {isa = PBXBuildFile; fileRef = 52827C9C246C5794004F4BD0 /* UserCell.swift */; };
		52827C9F246C89B6004F4BD0 /* TweetController.swift in Sources */ = {isa = PBXBuildFile; fileRef = 52827C9E246C89B6004F4BD0 /* TweetController.swift */; };
		52827CA1246C8B5E004F4BD0 /* TweetHeader.swift in Sources */ = {isa = PBXBuildFile; fileRef = 52827CA0246C8B5E004F4BD0 /* TweetHeader.swift */; };
		52EB7A3D2473E83900D194EE /* Notification.swift in Sources */ = {isa = PBXBuildFile; fileRef = 52EB7A3C2473E83900D194EE /* Notification.swift */; };
		52EB7A3F2473EA0B00D194EE /* NotificationService.swift in Sources */ = {isa = PBXBuildFile; fileRef = 52EB7A3E2473EA0B00D194EE /* NotificationService.swift */; };
		52FF7DC8243E1FC400ADB74A /* AppDelegate.swift in Sources */ = {isa = PBXBuildFile; fileRef = 52FF7DC7243E1FC400ADB74A /* AppDelegate.swift */; };
		52FF7DCA243E1FC400ADB74A /* SceneDelegate.swift in Sources */ = {isa = PBXBuildFile; fileRef = 52FF7DC9243E1FC400ADB74A /* SceneDelegate.swift */; };
		52FF7DCC243E1FC400ADB74A /* ViewController.swift in Sources */ = {isa = PBXBuildFile; fileRef = 52FF7DCB243E1FC400ADB74A /* ViewController.swift */; };
		52FF7DD4243E1FC600ADB74A /* LaunchScreen.storyboard in Resources */ = {isa = PBXBuildFile; fileRef = 52FF7DD2243E1FC600ADB74A /* LaunchScreen.storyboard */; };
		52FF7DE5243E235200ADB74A /* MainTabBarController.swift in Sources */ = {isa = PBXBuildFile; fileRef = 52FF7DE4243E235200ADB74A /* MainTabBarController.swift */; };
		52FF7DE7243E240F00ADB74A /* FeedController.swift in Sources */ = {isa = PBXBuildFile; fileRef = 52FF7DE6243E240F00ADB74A /* FeedController.swift */; };
		52FF7DE9243E241C00ADB74A /* ExploreController.swift in Sources */ = {isa = PBXBuildFile; fileRef = 52FF7DE8243E241C00ADB74A /* ExploreController.swift */; };
		52FF7DEB243E242900ADB74A /* NotificationsController.swift in Sources */ = {isa = PBXBuildFile; fileRef = 52FF7DEA243E242900ADB74A /* NotificationsController.swift */; };
		52FF7DED243E243800ADB74A /* ConversationsController.swift in Sources */ = {isa = PBXBuildFile; fileRef = 52FF7DEC243E243800ADB74A /* ConversationsController.swift */; };
		52FF7DEF243E24CB00ADB74A /* Assets.xcassets in Resources */ = {isa = PBXBuildFile; fileRef = 52FF7DEE243E24CB00ADB74A /* Assets.xcassets */; };
/* End PBXBuildFile section */

/* Begin PBXFileReference section */
		008DB2F1BEF7B37474B5EF0F /* Pods_SkovTwitter.framework */ = {isa = PBXFileReference; explicitFileType = wrapper.framework; includeInIndex = 0; path = Pods_SkovTwitter.framework; sourceTree = BUILT_PRODUCTS_DIR; };
		315B20F533F6C27A841BCEEF /* Pods-SkovTwitter.release.xcconfig */ = {isa = PBXFileReference; includeInIndex = 1; lastKnownFileType = text.xcconfig; name = "Pods-SkovTwitter.release.xcconfig"; path = "Target Support Files/Pods-SkovTwitter/Pods-SkovTwitter.release.xcconfig"; sourceTree = "<group>"; };
		5210FC552441EAB700EBF1E9 /* Extensions.swift */ = {isa = PBXFileReference; lastKnownFileType = sourcecode.swift; path = Extensions.swift; sourceTree = "<group>"; };
		5210FC582441F24700EBF1E9 /* LoginController.swift */ = {isa = PBXFileReference; lastKnownFileType = sourcecode.swift; path = LoginController.swift; sourceTree = "<group>"; };
		5210FC5A2441F28800EBF1E9 /* RegistrationController.swift */ = {isa = PBXFileReference; lastKnownFileType = sourcecode.swift; path = RegistrationController.swift; sourceTree = "<group>"; };
		521B67612461571700370312 /* GoogleService-Info.plist */ = {isa = PBXFileReference; fileEncoding = 4; lastKnownFileType = text.plist.xml; path = "GoogleService-Info.plist"; sourceTree = "<group>"; };
		522461B824644BFC00F212CC /* TweetService.swift */ = {isa = PBXFileReference; lastKnownFileType = sourcecode.swift; path = TweetService.swift; sourceTree = "<group>"; };
		5234660D24656B7C0091EF14 /* Tweet.swift */ = {isa = PBXFileReference; lastKnownFileType = sourcecode.swift; path = Tweet.swift; sourceTree = "<group>"; };
		523466122465736E0091EF14 /* TweetCell.swift */ = {isa = PBXFileReference; lastKnownFileType = sourcecode.swift; path = TweetCell.swift; sourceTree = "<group>"; };
		52346614246595C60091EF14 /* TweetViewModel.swift */ = {isa = PBXFileReference; lastKnownFileType = sourcecode.swift; path = TweetViewModel.swift; sourceTree = "<group>"; };
		523466162466B3890091EF14 /* ProfileController.swift */ = {isa = PBXFileReference; lastKnownFileType = sourcecode.swift; path = ProfileController.swift; sourceTree = "<group>"; };
		523466182466BA3E0091EF14 /* ProfileHeader.swift */ = {isa = PBXFileReference; lastKnownFileType = sourcecode.swift; path = ProfileHeader.swift; sourceTree = "<group>"; };
		52463AC024447C2100B0AFC7 /* Utilities.swift */ = {isa = PBXFileReference; lastKnownFileType = sourcecode.swift; path = Utilities.swift; sourceTree = "<group>"; };
		525727AF2462E28400A22DE6 /* Constants.swift */ = {isa = PBXFileReference; lastKnownFileType = sourcecode.swift; path = Constants.swift; sourceTree = "<group>"; };
		525727B12462E9CF00A22DE6 /* AuthService.swift */ = {isa = PBXFileReference; lastKnownFileType = sourcecode.swift; path = AuthService.swift; sourceTree = "<group>"; };
		527075A12464107700DB6AF8 /* UserService.swift */ = {isa = PBXFileReference; lastKnownFileType = sourcecode.swift; path = UserService.swift; sourceTree = "<group>"; };
		527075A32464187A00DB6AF8 /* User.swift */ = {isa = PBXFileReference; lastKnownFileType = sourcecode.swift; path = User.swift; sourceTree = "<group>"; };
		527075A52464270900DB6AF8 /* UploadTweetController.swift */ = {isa = PBXFileReference; lastKnownFileType = sourcecode.swift; path = UploadTweetController.swift; sourceTree = "<group>"; };
		527075A72464379200DB6AF8 /* CaptionTextView.swift */ = {isa = PBXFileReference; lastKnownFileType = sourcecode.swift; path = CaptionTextView.swift; sourceTree = "<group>"; };
		527075A924643BA800DB6AF8 /* NoteBook.swift */ = {isa = PBXFileReference; lastKnownFileType = sourcecode.swift; path = NoteBook.swift; sourceTree = "<group>"; };
		5273D62C2472B87800F97C0F /* ActionSheetLauncher.swift */ = {isa = PBXFileReference; lastKnownFileType = sourcecode.swift; path = ActionSheetLauncher.swift; sourceTree = "<group>"; };
		5273D62E2472BF9800F97C0F /* ActionSheetCell.swift */ = {isa = PBXFileReference; lastKnownFileType = sourcecode.swift; path = ActionSheetCell.swift; sourceTree = "<group>"; };
		5273D6302472C45E00F97C0F /* ActionSheetViewModel.swift */ = {isa = PBXFileReference; lastKnownFileType = sourcecode.swift; path = ActionSheetViewModel.swift; sourceTree = "<group>"; };
		5281863E246EE65000F27666 /* UploadTweetViewModel.swift */ = {isa = PBXFileReference; lastKnownFileType = sourcecode.swift; path = UploadTweetViewModel.swift; sourceTree = "<group>"; };
		52827C96246C1D11004F4BD0 /* ProfileFilterView.swift */ = {isa = PBXFileReference; lastKnownFileType = sourcecode.swift; path = ProfileFilterView.swift; sourceTree = "<group>"; };
		52827C98246C2015004F4BD0 /* ProfileFilterCell.swift */ = {isa = PBXFileReference; lastKnownFileType = sourcecode.swift; path = ProfileFilterCell.swift; sourceTree = "<group>"; };
		52827C9A246C2F38004F4BD0 /* ProfileHeaderViewModel.swift */ = {isa = PBXFileReference; lastKnownFileType = sourcecode.swift; path = ProfileHeaderViewModel.swift; sourceTree = "<group>"; };
		52827C9C246C5794004F4BD0 /* UserCell.swift */ = {isa = PBXFileReference; lastKnownFileType = sourcecode.swift; path = UserCell.swift; sourceTree = "<group>"; };
		52827C9E246C89B6004F4BD0 /* TweetController.swift */ = {isa = PBXFileReference; lastKnownFileType = sourcecode.swift; path = TweetController.swift; sourceTree = "<group>"; };
		52827CA0246C8B5E004F4BD0 /* TweetHeader.swift */ = {isa = PBXFileReference; lastKnownFileType = sourcecode.swift; path = TweetHeader.swift; sourceTree = "<group>"; };
		52EB7A3C2473E83900D194EE /* Notification.swift */ = {isa = PBXFileReference; lastKnownFileType = sourcecode.swift; path = Notification.swift; sourceTree = "<group>"; };
		52EB7A3E2473EA0B00D194EE /* NotificationService.swift */ = {isa = PBXFileReference; lastKnownFileType = sourcecode.swift; path = NotificationService.swift; sourceTree = "<group>"; };
		52FF7DC4243E1FC400ADB74A /* SkovTwitter.app */ = {isa = PBXFileReference; explicitFileType = wrapper.application; includeInIndex = 0; path = SkovTwitter.app; sourceTree = BUILT_PRODUCTS_DIR; };
		52FF7DC7243E1FC400ADB74A /* AppDelegate.swift */ = {isa = PBXFileReference; lastKnownFileType = sourcecode.swift; path = AppDelegate.swift; sourceTree = "<group>"; };
		52FF7DC9243E1FC400ADB74A /* SceneDelegate.swift */ = {isa = PBXFileReference; lastKnownFileType = sourcecode.swift; path = SceneDelegate.swift; sourceTree = "<group>"; };
		52FF7DCB243E1FC400ADB74A /* ViewController.swift */ = {isa = PBXFileReference; lastKnownFileType = sourcecode.swift; path = ViewController.swift; sourceTree = "<group>"; };
		52FF7DCE243E1FC400ADB74A /* Base */ = {isa = PBXFileReference; lastKnownFileType = file.storyboard; name = Base; path = Base.lproj/Main.storyboard; sourceTree = "<group>"; };
		52FF7DD3243E1FC600ADB74A /* Base */ = {isa = PBXFileReference; lastKnownFileType = file.storyboard; name = Base; path = Base.lproj/LaunchScreen.storyboard; sourceTree = "<group>"; };
		52FF7DD5243E1FC600ADB74A /* Info.plist */ = {isa = PBXFileReference; lastKnownFileType = text.plist.xml; path = Info.plist; sourceTree = "<group>"; };
		52FF7DE4243E235200ADB74A /* MainTabBarController.swift */ = {isa = PBXFileReference; lastKnownFileType = sourcecode.swift; path = MainTabBarController.swift; sourceTree = "<group>"; };
		52FF7DE6243E240F00ADB74A /* FeedController.swift */ = {isa = PBXFileReference; lastKnownFileType = sourcecode.swift; path = FeedController.swift; sourceTree = "<group>"; };
		52FF7DE8243E241C00ADB74A /* ExploreController.swift */ = {isa = PBXFileReference; lastKnownFileType = sourcecode.swift; path = ExploreController.swift; sourceTree = "<group>"; };
		52FF7DEA243E242900ADB74A /* NotificationsController.swift */ = {isa = PBXFileReference; lastKnownFileType = sourcecode.swift; path = NotificationsController.swift; sourceTree = "<group>"; };
		52FF7DEC243E243800ADB74A /* ConversationsController.swift */ = {isa = PBXFileReference; lastKnownFileType = sourcecode.swift; path = ConversationsController.swift; sourceTree = "<group>"; };
		52FF7DEE243E24CB00ADB74A /* Assets.xcassets */ = {isa = PBXFileReference; lastKnownFileType = folder.assetcatalog; name = Assets.xcassets; path = ../../../Downloads/Assets.xcassets; sourceTree = "<group>"; };
		F6A6D5CC63B63588E635A442 /* Pods-SkovTwitter.debug.xcconfig */ = {isa = PBXFileReference; includeInIndex = 1; lastKnownFileType = text.xcconfig; name = "Pods-SkovTwitter.debug.xcconfig"; path = "Target Support Files/Pods-SkovTwitter/Pods-SkovTwitter.debug.xcconfig"; sourceTree = "<group>"; };
/* End PBXFileReference section */

/* Begin PBXFrameworksBuildPhase section */
		52FF7DC1243E1FC400ADB74A /* Frameworks */ = {
			isa = PBXFrameworksBuildPhase;
			buildActionMask = 2147483647;
			files = (
				391F2072BFA318B59A7ADE1C /* Pods_SkovTwitter.framework in Frameworks */,
			);
			runOnlyForDeploymentPostprocessing = 0;
		};
/* End PBXFrameworksBuildPhase section */

/* Begin PBXGroup section */
		5210FC572441F21B00EBF1E9 /* Authentication */ = {
			isa = PBXGroup;
			children = (
				5210FC582441F24700EBF1E9 /* LoginController.swift */,
				5210FC5A2441F28800EBF1E9 /* RegistrationController.swift */,
			);
			path = Authentication;
			sourceTree = "<group>";
		};
		52346611246573100091EF14 /* Cells */ = {
			isa = PBXGroup;
			children = (
				523466122465736E0091EF14 /* TweetCell.swift */,
				52827C98246C2015004F4BD0 /* ProfileFilterCell.swift */,
				52827C9C246C5794004F4BD0 /* UserCell.swift */,
				5273D62E2472BF9800F97C0F /* ActionSheetCell.swift */,
			);
			path = Cells;
			sourceTree = "<group>";
		};
		52463ABF2444701700B0AFC7 /* CustonViews */ = {
			isa = PBXGroup;
			children = (
				527075A72464379200DB6AF8 /* CaptionTextView.swift */,
				523466182466BA3E0091EF14 /* ProfileHeader.swift */,
				52827C96246C1D11004F4BD0 /* ProfileFilterView.swift */,
				52827CA0246C8B5E004F4BD0 /* TweetHeader.swift */,
			);
			path = CustonViews;
			sourceTree = "<group>";
		};
		52FF7DBB243E1FC400ADB74A = {
			isa = PBXGroup;
			children = (
				52FF7DC6243E1FC400ADB74A /* SkovTwitter */,
				52FF7DC5243E1FC400ADB74A /* Products */,
				A6EABCB013FC3628A52802C5 /* Pods */,
				D4D8ECAC7EA59D9C9135DF18 /* Frameworks */,
			);
			sourceTree = "<group>";
		};
		52FF7DC5243E1FC400ADB74A /* Products */ = {
			isa = PBXGroup;
			children = (
				52FF7DC4243E1FC400ADB74A /* SkovTwitter.app */,
			);
			name = Products;
			sourceTree = "<group>";
		};
		52FF7DC6243E1FC400ADB74A /* SkovTwitter */ = {
			isa = PBXGroup;
			children = (
				52FF7DE3243E200D00ADB74A /* Models */,
				52FF7DE2243E200B00ADB74A /* Views */,
				52FF7DE1243E200300ADB74A /* ViewModels */,
				52FF7DE0243E200200ADB74A /* Controllers */,
				52FF7DDF243E200000ADB74A /* API */,
				52FF7DDB243E1FF700ADB74A /* Utillities */,
				52FF7DC7243E1FC400ADB74A /* AppDelegate.swift */,
				52FF7DC9243E1FC400ADB74A /* SceneDelegate.swift */,
				52FF7DCB243E1FC400ADB74A /* ViewController.swift */,
				52FF7DCD243E1FC400ADB74A /* Main.storyboard */,
				52FF7DEE243E24CB00ADB74A /* Assets.xcassets */,
				52FF7DD2243E1FC600ADB74A /* LaunchScreen.storyboard */,
				52FF7DD5243E1FC600ADB74A /* Info.plist */,
				521B67612461571700370312 /* GoogleService-Info.plist */,
				527075A924643BA800DB6AF8 /* NoteBook.swift */,
			);
			path = SkovTwitter;
			sourceTree = "<group>";
		};
		52FF7DDB243E1FF700ADB74A /* Utillities */ = {
			isa = PBXGroup;
			children = (
				5210FC552441EAB700EBF1E9 /* Extensions.swift */,
				52463AC024447C2100B0AFC7 /* Utilities.swift */,
				525727AF2462E28400A22DE6 /* Constants.swift */,
				5273D62C2472B87800F97C0F /* ActionSheetLauncher.swift */,
			);
			path = Utillities;
			sourceTree = "<group>";
		};
		52FF7DDF243E200000ADB74A /* API */ = {
			isa = PBXGroup;
			children = (
				525727B12462E9CF00A22DE6 /* AuthService.swift */,
				527075A12464107700DB6AF8 /* UserService.swift */,
				522461B824644BFC00F212CC /* TweetService.swift */,
				52EB7A3E2473EA0B00D194EE /* NotificationService.swift */,
			);
			path = API;
			sourceTree = "<group>";
		};
		52FF7DE0243E200200ADB74A /* Controllers */ = {
			isa = PBXGroup;
			children = (
				5210FC572441F21B00EBF1E9 /* Authentication */,
				52FF7DE4243E235200ADB74A /* MainTabBarController.swift */,
				52FF7DE6243E240F00ADB74A /* FeedController.swift */,
				52FF7DE8243E241C00ADB74A /* ExploreController.swift */,
				52FF7DEA243E242900ADB74A /* NotificationsController.swift */,
				52FF7DEC243E243800ADB74A /* ConversationsController.swift */,
				527075A52464270900DB6AF8 /* UploadTweetController.swift */,
				523466162466B3890091EF14 /* ProfileController.swift */,
				52827C9E246C89B6004F4BD0 /* TweetController.swift */,
			);
			path = Controllers;
			sourceTree = "<group>";
		};
		52FF7DE1243E200300ADB74A /* ViewModels */ = {
			isa = PBXGroup;
			children = (
				52346614246595C60091EF14 /* TweetViewModel.swift */,
				52827C9A246C2F38004F4BD0 /* ProfileHeaderViewModel.swift */,
				5281863E246EE65000F27666 /* UploadTweetViewModel.swift */,
				5273D6302472C45E00F97C0F /* ActionSheetViewModel.swift */,
			);
			path = ViewModels;
			sourceTree = "<group>";
		};
		52FF7DE2243E200B00ADB74A /* Views */ = {
			isa = PBXGroup;
			children = (
				52346611246573100091EF14 /* Cells */,
				52463ABF2444701700B0AFC7 /* CustonViews */,
			);
			path = Views;
			sourceTree = "<group>";
		};
		52FF7DE3243E200D00ADB74A /* Models */ = {
			isa = PBXGroup;
			children = (
				527075A32464187A00DB6AF8 /* User.swift */,
				5234660D24656B7C0091EF14 /* Tweet.swift */,
				52EB7A3C2473E83900D194EE /* Notification.swift */,
			);
			path = Models;
			sourceTree = "<group>";
		};
		A6EABCB013FC3628A52802C5 /* Pods */ = {
			isa = PBXGroup;
			children = (
				F6A6D5CC63B63588E635A442 /* Pods-SkovTwitter.debug.xcconfig */,
				315B20F533F6C27A841BCEEF /* Pods-SkovTwitter.release.xcconfig */,
			);
			path = Pods;
			sourceTree = "<group>";
		};
		D4D8ECAC7EA59D9C9135DF18 /* Frameworks */ = {
			isa = PBXGroup;
			children = (
				008DB2F1BEF7B37474B5EF0F /* Pods_SkovTwitter.framework */,
			);
			name = Frameworks;
			sourceTree = "<group>";
		};
/* End PBXGroup section */

/* Begin PBXNativeTarget section */
		52FF7DC3243E1FC400ADB74A /* SkovTwitter */ = {
			isa = PBXNativeTarget;
			buildConfigurationList = 52FF7DD8243E1FC600ADB74A /* Build configuration list for PBXNativeTarget "SkovTwitter" */;
			buildPhases = (
				5CFF134BBE4655442293867D /* [CP] Check Pods Manifest.lock */,
				52FF7DC0243E1FC400ADB74A /* Sources */,
				52FF7DC1243E1FC400ADB74A /* Frameworks */,
				52FF7DC2243E1FC400ADB74A /* Resources */,
				AB118EE811BD518EE9F59D56 /* [CP] Embed Pods Frameworks */,
			);
			buildRules = (
			);
			dependencies = (
			);
			name = SkovTwitter;
			productName = SkovTwitter;
			productReference = 52FF7DC4243E1FC400ADB74A /* SkovTwitter.app */;
			productType = "com.apple.product-type.application";
		};
/* End PBXNativeTarget section */

/* Begin PBXProject section */
		52FF7DBC243E1FC400ADB74A /* Project object */ = {
			isa = PBXProject;
			attributes = {
				LastSwiftUpdateCheck = 1130;
				LastUpgradeCheck = 1130;
				ORGANIZATIONNAME = "Oleksandr Kovalyshyn";
				TargetAttributes = {
					52FF7DC3243E1FC400ADB74A = {
						CreatedOnToolsVersion = 11.3.1;
					};
				};
			};
			buildConfigurationList = 52FF7DBF243E1FC400ADB74A /* Build configuration list for PBXProject "SkovTwitter" */;
			compatibilityVersion = "Xcode 9.3";
			developmentRegion = en;
			hasScannedForEncodings = 0;
			knownRegions = (
				en,
				Base,
			);
			mainGroup = 52FF7DBB243E1FC400ADB74A;
			productRefGroup = 52FF7DC5243E1FC400ADB74A /* Products */;
			projectDirPath = "";
			projectRoot = "";
			targets = (
				52FF7DC3243E1FC400ADB74A /* SkovTwitter */,
			);
		};
/* End PBXProject section */

/* Begin PBXResourcesBuildPhase section */
		52FF7DC2243E1FC400ADB74A /* Resources */ = {
			isa = PBXResourcesBuildPhase;
			buildActionMask = 2147483647;
			files = (
				52FF7DD4243E1FC600ADB74A /* LaunchScreen.storyboard in Resources */,
				521B67622461571800370312 /* GoogleService-Info.plist in Resources */,
				52FF7DEF243E24CB00ADB74A /* Assets.xcassets in Resources */,
			);
			runOnlyForDeploymentPostprocessing = 0;
		};
/* End PBXResourcesBuildPhase section */

/* Begin PBXShellScriptBuildPhase section */
		5CFF134BBE4655442293867D /* [CP] Check Pods Manifest.lock */ = {
			isa = PBXShellScriptBuildPhase;
			buildActionMask = 2147483647;
			files = (
			);
			inputFileListPaths = (
			);
			inputPaths = (
				"${PODS_PODFILE_DIR_PATH}/Podfile.lock",
				"${PODS_ROOT}/Manifest.lock",
			);
			name = "[CP] Check Pods Manifest.lock";
			outputFileListPaths = (
			);
			outputPaths = (
				"$(DERIVED_FILE_DIR)/Pods-SkovTwitter-checkManifestLockResult.txt",
			);
			runOnlyForDeploymentPostprocessing = 0;
			shellPath = /bin/sh;
			shellScript = "diff \"${PODS_PODFILE_DIR_PATH}/Podfile.lock\" \"${PODS_ROOT}/Manifest.lock\" > /dev/null\nif [ $? != 0 ] ; then\n    # print error to STDERR\n    echo \"error: The sandbox is not in sync with the Podfile.lock. Run 'pod install' or update your CocoaPods installation.\" >&2\n    exit 1\nfi\n# This output is used by Xcode 'outputs' to avoid re-running this script phase.\necho \"SUCCESS\" > \"${SCRIPT_OUTPUT_FILE_0}\"\n";
			showEnvVarsInLog = 0;
		};
		AB118EE811BD518EE9F59D56 /* [CP] Embed Pods Frameworks */ = {
			isa = PBXShellScriptBuildPhase;
			buildActionMask = 2147483647;
			files = (
			);
			inputFileListPaths = (
				"${PODS_ROOT}/Target Support Files/Pods-SkovTwitter/Pods-SkovTwitter-frameworks-${CONFIGURATION}-input-files.xcfilelist",
			);
			name = "[CP] Embed Pods Frameworks";
			outputFileListPaths = (
				"${PODS_ROOT}/Target Support Files/Pods-SkovTwitter/Pods-SkovTwitter-frameworks-${CONFIGURATION}-output-files.xcfilelist",
			);
			runOnlyForDeploymentPostprocessing = 0;
			shellPath = /bin/sh;
			shellScript = "\"${PODS_ROOT}/Target Support Files/Pods-SkovTwitter/Pods-SkovTwitter-frameworks.sh\"\n";
			showEnvVarsInLog = 0;
		};
/* End PBXShellScriptBuildPhase section */

/* Begin PBXSourcesBuildPhase section */
		52FF7DC0243E1FC400ADB74A /* Sources */ = {
			isa = PBXSourcesBuildPhase;
			buildActionMask = 2147483647;
			files = (
				52FF7DCC243E1FC400ADB74A /* ViewController.swift in Sources */,
				52827C9B246C2F38004F4BD0 /* ProfileHeaderViewModel.swift in Sources */,
				5210FC562441EAB700EBF1E9 /* Extensions.swift in Sources */,
				52FF7DC8243E1FC400ADB74A /* AppDelegate.swift in Sources */,
				5234660E24656B7C0091EF14 /* Tweet.swift in Sources */,
				5273D62D2472B87800F97C0F /* ActionSheetLauncher.swift in Sources */,
				52827C97246C1D11004F4BD0 /* ProfileFilterView.swift in Sources */,
				52EB7A3F2473EA0B00D194EE /* NotificationService.swift in Sources */,
				52FF7DED243E243800ADB74A /* ConversationsController.swift in Sources */,
				527075A62464270900DB6AF8 /* UploadTweetController.swift in Sources */,
				527075A42464187A00DB6AF8 /* User.swift in Sources */,
				527075A82464379200DB6AF8 /* CaptionTextView.swift in Sources */,
				5273D62F2472BF9800F97C0F /* ActionSheetCell.swift in Sources */,
				527075AA24643BA800DB6AF8 /* NoteBook.swift in Sources */,
				52FF7DE7243E240F00ADB74A /* FeedController.swift in Sources */,
				52FF7DE5243E235200ADB74A /* MainTabBarController.swift in Sources */,
				52463AC124447C2100B0AFC7 /* Utilities.swift in Sources */,
				525727B02462E28400A22DE6 /* Constants.swift in Sources */,
				5281863F246EE65000F27666 /* UploadTweetViewModel.swift in Sources */,
				5210FC5B2441F28800EBF1E9 /* RegistrationController.swift in Sources */,
				52827C9D246C5794004F4BD0 /* UserCell.swift in Sources */,
				52EB7A3D2473E83900D194EE /* Notification.swift in Sources */,
				52FF7DEB243E242900ADB74A /* NotificationsController.swift in Sources */,
				523466132465736E0091EF14 /* TweetCell.swift in Sources */,
				52FF7DCA243E1FC400ADB74A /* SceneDelegate.swift in Sources */,
				527075A22464107700DB6AF8 /* UserService.swift in Sources */,
				523466192466BA3E0091EF14 /* ProfileHeader.swift in Sources */,
				5273D6312472C45E00F97C0F /* ActionSheetViewModel.swift in Sources */,
				52FF7DE9243E241C00ADB74A /* ExploreController.swift in Sources */,
				52827CA1246C8B5E004F4BD0 /* TweetHeader.swift in Sources */,
				52346615246595C60091EF14 /* TweetViewModel.swift in Sources */,
				5210FC592441F24700EBF1E9 /* LoginController.swift in Sources */,
				52827C99246C2015004F4BD0 /* ProfileFilterCell.swift in Sources */,
				525727B22462E9CF00A22DE6 /* AuthService.swift in Sources */,
				522461B924644BFC00F212CC /* TweetService.swift in Sources */,
				523466172466B3890091EF14 /* ProfileController.swift in Sources */,
				52827C9F246C89B6004F4BD0 /* TweetController.swift in Sources */,
			);
			runOnlyForDeploymentPostprocessing = 0;
		};
/* End PBXSourcesBuildPhase section */

/* Begin PBXVariantGroup section */
		52FF7DCD243E1FC400ADB74A /* Main.storyboard */ = {
			isa = PBXVariantGroup;
			children = (
				52FF7DCE243E1FC400ADB74A /* Base */,
			);
			name = Main.storyboard;
			sourceTree = "<group>";
		};
		52FF7DD2243E1FC600ADB74A /* LaunchScreen.storyboard */ = {
			isa = PBXVariantGroup;
			children = (
				52FF7DD3243E1FC600ADB74A /* Base */,
			);
			name = LaunchScreen.storyboard;
			sourceTree = "<group>";
		};
/* End PBXVariantGroup section */

/* Begin XCBuildConfiguration section */
		52FF7DD6243E1FC600ADB74A /* Debug */ = {
			isa = XCBuildConfiguration;
			buildSettings = {
				ALWAYS_SEARCH_USER_PATHS = NO;
				CLANG_ANALYZER_NONNULL = YES;
				CLANG_ANALYZER_NUMBER_OBJECT_CONVERSION = YES_AGGRESSIVE;
				CLANG_CXX_LANGUAGE_STANDARD = "gnu++14";
				CLANG_CXX_LIBRARY = "libc++";
				CLANG_ENABLE_MODULES = YES;
				CLANG_ENABLE_OBJC_ARC = YES;
				CLANG_ENABLE_OBJC_WEAK = YES;
				CLANG_WARN_BLOCK_CAPTURE_AUTORELEASING = YES;
				CLANG_WARN_BOOL_CONVERSION = YES;
				CLANG_WARN_COMMA = YES;
				CLANG_WARN_CONSTANT_CONVERSION = YES;
				CLANG_WARN_DEPRECATED_OBJC_IMPLEMENTATIONS = YES;
				CLANG_WARN_DIRECT_OBJC_ISA_USAGE = YES_ERROR;
				CLANG_WARN_DOCUMENTATION_COMMENTS = YES;
				CLANG_WARN_EMPTY_BODY = YES;
				CLANG_WARN_ENUM_CONVERSION = YES;
				CLANG_WARN_INFINITE_RECURSION = YES;
				CLANG_WARN_INT_CONVERSION = YES;
				CLANG_WARN_NON_LITERAL_NULL_CONVERSION = YES;
				CLANG_WARN_OBJC_IMPLICIT_RETAIN_SELF = YES;
				CLANG_WARN_OBJC_LITERAL_CONVERSION = YES;
				CLANG_WARN_OBJC_ROOT_CLASS = YES_ERROR;
				CLANG_WARN_RANGE_LOOP_ANALYSIS = YES;
				CLANG_WARN_STRICT_PROTOTYPES = YES;
				CLANG_WARN_SUSPICIOUS_MOVE = YES;
				CLANG_WARN_UNGUARDED_AVAILABILITY = YES_AGGRESSIVE;
				CLANG_WARN_UNREACHABLE_CODE = YES;
				CLANG_WARN__DUPLICATE_METHOD_MATCH = YES;
				COPY_PHASE_STRIP = NO;
				DEBUG_INFORMATION_FORMAT = dwarf;
				ENABLE_STRICT_OBJC_MSGSEND = YES;
				ENABLE_TESTABILITY = YES;
				GCC_C_LANGUAGE_STANDARD = gnu11;
				GCC_DYNAMIC_NO_PIC = NO;
				GCC_NO_COMMON_BLOCKS = YES;
				GCC_OPTIMIZATION_LEVEL = 0;
				GCC_PREPROCESSOR_DEFINITIONS = (
					"DEBUG=1",
					"$(inherited)",
				);
				GCC_WARN_64_TO_32_BIT_CONVERSION = YES;
				GCC_WARN_ABOUT_RETURN_TYPE = YES_ERROR;
				GCC_WARN_UNDECLARED_SELECTOR = YES;
				GCC_WARN_UNINITIALIZED_AUTOS = YES_AGGRESSIVE;
				GCC_WARN_UNUSED_FUNCTION = YES;
				GCC_WARN_UNUSED_VARIABLE = YES;
				IPHONEOS_DEPLOYMENT_TARGET = 13.2;
				MTL_ENABLE_DEBUG_INFO = INCLUDE_SOURCE;
				MTL_FAST_MATH = YES;
				ONLY_ACTIVE_ARCH = YES;
				SDKROOT = iphoneos;
				SWIFT_ACTIVE_COMPILATION_CONDITIONS = DEBUG;
				SWIFT_OPTIMIZATION_LEVEL = "-Onone";
			};
			name = Debug;
		};
		52FF7DD7243E1FC600ADB74A /* Release */ = {
			isa = XCBuildConfiguration;
			buildSettings = {
				ALWAYS_SEARCH_USER_PATHS = NO;
				CLANG_ANALYZER_NONNULL = YES;
				CLANG_ANALYZER_NUMBER_OBJECT_CONVERSION = YES_AGGRESSIVE;
				CLANG_CXX_LANGUAGE_STANDARD = "gnu++14";
				CLANG_CXX_LIBRARY = "libc++";
				CLANG_ENABLE_MODULES = YES;
				CLANG_ENABLE_OBJC_ARC = YES;
				CLANG_ENABLE_OBJC_WEAK = YES;
				CLANG_WARN_BLOCK_CAPTURE_AUTORELEASING = YES;
				CLANG_WARN_BOOL_CONVERSION = YES;
				CLANG_WARN_COMMA = YES;
				CLANG_WARN_CONSTANT_CONVERSION = YES;
				CLANG_WARN_DEPRECATED_OBJC_IMPLEMENTATIONS = YES;
				CLANG_WARN_DIRECT_OBJC_ISA_USAGE = YES_ERROR;
				CLANG_WARN_DOCUMENTATION_COMMENTS = YES;
				CLANG_WARN_EMPTY_BODY = YES;
				CLANG_WARN_ENUM_CONVERSION = YES;
				CLANG_WARN_INFINITE_RECURSION = YES;
				CLANG_WARN_INT_CONVERSION = YES;
				CLANG_WARN_NON_LITERAL_NULL_CONVERSION = YES;
				CLANG_WARN_OBJC_IMPLICIT_RETAIN_SELF = YES;
				CLANG_WARN_OBJC_LITERAL_CONVERSION = YES;
				CLANG_WARN_OBJC_ROOT_CLASS = YES_ERROR;
				CLANG_WARN_RANGE_LOOP_ANALYSIS = YES;
				CLANG_WARN_STRICT_PROTOTYPES = YES;
				CLANG_WARN_SUSPICIOUS_MOVE = YES;
				CLANG_WARN_UNGUARDED_AVAILABILITY = YES_AGGRESSIVE;
				CLANG_WARN_UNREACHABLE_CODE = YES;
				CLANG_WARN__DUPLICATE_METHOD_MATCH = YES;
				COPY_PHASE_STRIP = NO;
				DEBUG_INFORMATION_FORMAT = "dwarf-with-dsym";
				ENABLE_NS_ASSERTIONS = NO;
				ENABLE_STRICT_OBJC_MSGSEND = YES;
				GCC_C_LANGUAGE_STANDARD = gnu11;
				GCC_NO_COMMON_BLOCKS = YES;
				GCC_WARN_64_TO_32_BIT_CONVERSION = YES;
				GCC_WARN_ABOUT_RETURN_TYPE = YES_ERROR;
				GCC_WARN_UNDECLARED_SELECTOR = YES;
				GCC_WARN_UNINITIALIZED_AUTOS = YES_AGGRESSIVE;
				GCC_WARN_UNUSED_FUNCTION = YES;
				GCC_WARN_UNUSED_VARIABLE = YES;
				IPHONEOS_DEPLOYMENT_TARGET = 13.2;
				MTL_ENABLE_DEBUG_INFO = NO;
				MTL_FAST_MATH = YES;
				SDKROOT = iphoneos;
				SWIFT_COMPILATION_MODE = wholemodule;
				SWIFT_OPTIMIZATION_LEVEL = "-O";
				VALIDATE_PRODUCT = YES;
			};
			name = Release;
		};
		52FF7DD9243E1FC600ADB74A /* Debug */ = {
			isa = XCBuildConfiguration;
			baseConfigurationReference = F6A6D5CC63B63588E635A442 /* Pods-SkovTwitter.debug.xcconfig */;
			buildSettings = {
				ASSETCATALOG_COMPILER_APPICON_NAME = AppIcon;
				CODE_SIGN_STYLE = Automatic;
				DEVELOPMENT_TEAM = NL4GU78Y25;
				INFOPLIST_FILE = SkovTwitter/Info.plist;
				LD_RUNPATH_SEARCH_PATHS = (
					"$(inherited)",
					"@executable_path/Frameworks",
				);
				PRODUCT_BUNDLE_IDENTIFIER = com.skovalyshyn.SkovTwitter;
				PRODUCT_NAME = "$(TARGET_NAME)";
				SWIFT_VERSION = 5.0;
				TARGETED_DEVICE_FAMILY = "1,2";
			};
			name = Debug;
		};
		52FF7DDA243E1FC600ADB74A /* Release */ = {
			isa = XCBuildConfiguration;
			baseConfigurationReference = 315B20F533F6C27A841BCEEF /* Pods-SkovTwitter.release.xcconfig */;
			buildSettings = {
				ASSETCATALOG_COMPILER_APPICON_NAME = AppIcon;
				CODE_SIGN_STYLE = Automatic;
				DEVELOPMENT_TEAM = NL4GU78Y25;
				INFOPLIST_FILE = SkovTwitter/Info.plist;
				LD_RUNPATH_SEARCH_PATHS = (
					"$(inherited)",
					"@executable_path/Frameworks",
				);
				PRODUCT_BUNDLE_IDENTIFIER = com.skovalyshyn.SkovTwitter;
				PRODUCT_NAME = "$(TARGET_NAME)";
				SWIFT_VERSION = 5.0;
				TARGETED_DEVICE_FAMILY = "1,2";
			};
			name = Release;
		};
/* End XCBuildConfiguration section */

/* Begin XCConfigurationList section */
		52FF7DBF243E1FC400ADB74A /* Build configuration list for PBXProject "SkovTwitter" */ = {
			isa = XCConfigurationList;
			buildConfigurations = (
				52FF7DD6243E1FC600ADB74A /* Debug */,
				52FF7DD7243E1FC600ADB74A /* Release */,
			);
			defaultConfigurationIsVisible = 0;
			defaultConfigurationName = Release;
		};
		52FF7DD8243E1FC600ADB74A /* Build configuration list for PBXNativeTarget "SkovTwitter" */ = {
			isa = XCConfigurationList;
			buildConfigurations = (
				52FF7DD9243E1FC600ADB74A /* Debug */,
				52FF7DDA243E1FC600ADB74A /* Release */,
			);
			defaultConfigurationIsVisible = 0;
			defaultConfigurationName = Release;
		};
/* End XCConfigurationList section */
	};
	rootObject = 52FF7DBC243E1FC400ADB74A /* Project object */;
}
